
Microsoft Visual Studio Solution File, Format Version 12.00
# Visual Studio Version 17
VisualStudioVersion = 17.6.33620.401
MinimumVisualStudioVersion = 10.0.40219.1
Project("{9A19103F-16F7-4668-BE54-9A1E7A4F7556}") = "ThumbHash", "src\ThumbHash\ThumbHash.csproj", "{2DC8A1ED-AE1A-40FB-90B1-96CD06F2F460}"
EndProject
Project("{9A19103F-16F7-4668-BE54-9A1E7A4F7556}") = "ThumbHash.Tests", "test\ThumbHash.Tests\ThumbHash.Tests.csproj", "{24771381-7EA1-445D-B58F-953EDF01333A}"
EndProject
Project("{2150E333-8FDC-42A3-9474-1A3956D46DE8}") = "build", "build", "{9922EF40-0CE9-4352-B8BE-1AE126FDCD30}"
	ProjectSection(SolutionItems) = preProject
		.github\workflows\ci.yml = .github\workflows\ci.yml
		.github\workflows\release.yml = .github\workflows\release.yml
	EndProjectSection
EndProject
Project("{9A19103F-16F7-4668-BE54-9A1E7A4F7556}") = "ThumbHash.Benchmarks", "bench\ThumbHash.Benchmarks.csproj", "{CE953B4C-43B8-402A-AA29-689973D22BDF}"
EndProject
Global
	GlobalSection(SolutionConfigurationPlatforms) = preSolution
		Debug|Any CPU = Debug|Any CPU
		Release|Any CPU = Release|Any CPU
	EndGlobalSection
	GlobalSection(ProjectConfigurationPlatforms) = postSolution
		{2DC8A1ED-AE1A-40FB-90B1-96CD06F2F460}.Debug|Any CPU.ActiveCfg = Debug|Any CPU
		{2DC8A1ED-AE1A-40FB-90B1-96CD06F2F460}.Debug|Any CPU.Build.0 = Debug|Any CPU
		{2DC8A1ED-AE1A-40FB-90B1-96CD06F2F460}.Release|Any CPU.ActiveCfg = Release|Any CPU
		{2DC8A1ED-AE1A-40FB-90B1-96CD06F2F460}.Release|Any CPU.Build.0 = Release|Any CPU
		{24771381-7EA1-445D-B58F-953EDF01333A}.Debug|Any CPU.ActiveCfg = Debug|Any CPU
		{24771381-7EA1-445D-B58F-953EDF01333A}.Debug|Any CPU.Build.0 = Debug|Any CPU
		{24771381-7EA1-445D-B58F-953EDF01333A}.Release|Any CPU.ActiveCfg = Release|Any CPU
		{24771381-7EA1-445D-B58F-953EDF01333A}.Release|Any CPU.Build.0 = Release|Any CPU
		{CE953B4C-43B8-402A-AA29-689973D22BDF}.Debug|Any CPU.ActiveCfg = Debug|Any CPU
		{CE953B4C-43B8-402A-AA29-689973D22BDF}.Debug|Any CPU.Build.0 = Debug|Any CPU
		{CE953B4C-43B8-402A-AA29-689973D22BDF}.Release|Any CPU.ActiveCfg = Release|Any CPU
		{CE953B4C-43B8-402A-AA29-689973D22BDF}.Release|Any CPU.Build.0 = Release|Any CPU
	EndGlobalSection
	GlobalSection(SolutionProperties) = preSolution
		HideSolutionNode = FALSE
	EndGlobalSection
	GlobalSection(ExtensibilityGlobals) = postSolution
		SolutionGuid = {86B216CA-9327-4832-9E59-A3ED110BACFD}
	EndGlobalSection
EndGlobal
